
Microsoft Visual Studio Solution File, Format Version 12.00
# Visual Studio Version 17
VisualStudioVersion = 17.7.34031.279
MinimumVisualStudioVersion = 10.0.40219.1
Project("{FAE04EC0-301F-11D3-BF4B-00C04F79EFBC}") = "Restaurant App", "Restaurant App\Restaurant App.csproj", "{B55A6408-D3F0-4900-A295-689D19190EB1}"
EndProject
Global
	GlobalSection(SolutionConfigurationPlatforms) = preSolution
		Debug|Any CPU = Debug|Any CPU
		Release|Any CPU = Release|Any CPU
	EndGlobalSection
	GlobalSection(ProjectConfigurationPlatforms) = postSolution
		{B55A6408-D3F0-4900-A295-689D19190EB1}.Debug|Any CPU.ActiveCfg = Debug|Any CPU
		{B55A6408-D3F0-4900-A295-689D19190EB1}.Debug|Any CPU.Build.0 = Debug|Any CPU
		{B55A6408-D3F0-4900-A295-689D19190EB1}.Release|Any CPU.ActiveCfg = Release|Any CPU
		{B55A6408-D3F0-4900-A295-689D19190EB1}.Release|Any CPU.Build.0 = Release|Any CPU
	EndGlobalSection
	GlobalSection(SolutionProperties) = preSolution
		HideSolutionNode = FALSE
	EndGlobalSection
	GlobalSection(ExtensibilityGlobals) = postSolution
		SolutionGuid = {13EE8EC1-0F15-482C-B47A-23C7C58A8901}
	EndGlobalSection
EndGlobal
